
Microsoft Visual Studio Solution File, Format Version 12.00
# Visual Studio Version 16
VisualStudioVersion = 16.0.37507.1
MinimumVisualStudioVersion = 10.0.40219.1
Project("{FAE04EC0-301F-11D3-BF4B-00C04F79EFBC}") = "MiniDocumentNotifier.WcfHost", "src\MiniDocumentNotifier.WcfHost\MiniDocumentNotifier.WcfHost.csproj", "{2C384E40-E55A-4F9D-9847-99F3C8073EA3}"
EndProject
Project("{FAE04EC0-301F-11D3-BF4B-00C04F79EFBC}") = "MiniDocumentNotifier.WinForms", "src\MiniDocumentNotifier.WinForms\MiniDocumentNotifier.WinForms.csproj", "{9F021FA9-B9DE-493B-A33D-5356049AD4A8}"
EndProject
Project("{FAE04EC0-301F-11D3-BF4B-00C04F79EFBC}") = "MiniDocumentNotifier.Application", "src\MiniDocumentNotifier.Application\MiniDocumentNotifier.Application.csproj", "{1B54B106-2E33-4EC1-BF1D-17C1F5E8AE39}"
EndProject
Project("{FAE04EC0-301F-11D3-BF4B-00C04F79EFBC}") = "MiniDocumentNotifier.Domain", "src\MiniDocumentNotifier.Domain\MiniDocumentNotifier.Domain.csproj", "{D85C8837-8BE6-4630-8B25-738DE5D418AD}"
EndProject
Project("{FAE04EC0-301F-11D3-BF4B-00C04F79EFBC}") = "MiniDocumentNotifier.BackgroundApp", "src\MiniDocumentNotifier.BackgroundApp\MiniDocumentNotifier.BackgroundApp.csproj", "{299DCFD4-6215-4FE1-8EBE-F85F2368446F}"
EndProject
Project("{FAE04EC0-301F-11D3-BF4B-00C04F79EFBC}") = "MiniDocumentNotifier.Persistence", "src\MiniDocumentNotifier.Persistence\MiniDocumentNotifier.Persistence.csproj", "{0F7F89C6-606A-4723-982B-8ABBD6C08165}"
EndProject
Project("{FAE04EC0-301F-11D3-BF4B-00C04F79EFBC}") = "MiniDocumentNotifier.WpfControls", "src\MiniDocumentNotifier.WpfControls\MiniDocumentNotifier.WpfControls.csproj", "{3E1E48C7-3864-4509-B51A-5A26387AA802}"
EndProject
Project("{FAE04EC0-301F-11D3-BF4B-00C04F79EFBC}") = "MiniDocumentNotifier.Contracts", "src\MiniDocumentNotifier.Contracts\MiniDocumentNotifier.Contracts.csproj", "{28FA09CC-5D56-4CF8-8415-0E49CEBF0798}"
EndProject
Project("{FAE04EC0-301F-11D3-BF4B-00C04F79EFBC}") = "MiniDocumentNotifier.Infrastructure", "src\MiniDocumentNotifier.Infrastructure\MiniDocumentNotifier.Infrastructure.csproj", "{800EB8BA-335F-4DDF-84C0-3037498F95BA}"
EndProject
Global
	GlobalSection(SolutionConfigurationPlatforms) = preSolution
		Debug|Any CPU = Debug|Any CPU
		Debug|x64 = Debug|x64
		Debug|x86 = Debug|x86
		Release|Any CPU = Release|Any CPU
		Release|x64 = Release|x64
		Release|x86 = Release|x86
	EndGlobalSection
	GlobalSection(ProjectConfigurationPlatforms) = postSolution
		{2C384E40-E55A-4F9D-9847-99F3C8073EA3}.Debug|Any CPU.ActiveCfg = Debug|Any CPU
		{2C384E40-E55A-4F9D-9847-99F3C8073EA3}.Debug|Any CPU.Build.0 = Debug|Any CPU
		{2C384E40-E55A-4F9D-9847-99F3C8073EA3}.Debug|x64.ActiveCfg = Debug|Any CPU
		{2C384E40-E55A-4F9D-9847-99F3C8073EA3}.Debug|x64.Build.0 = Debug|Any CPU
		{2C384E40-E55A-4F9D-9847-99F3C8073EA3}.Debug|x86.ActiveCfg = Debug|Any CPU
		{2C384E40-E55A-4F9D-9847-99F3C8073EA3}.Debug|x86.Build.0 = Debug|Any CPU
		{2C384E40-E55A-4F9D-9847-99F3C8073EA3}.Release|Any CPU.ActiveCfg = Release|Any CPU
		{2C384E40-E55A-4F9D-9847-99F3C8073EA3}.Release|Any CPU.Build.0 = Release|Any CPU
		{2C384E40-E55A-4F9D-9847-99F3C8073EA3}.Release|x64.ActiveCfg = Release|Any CPU
		{2C384E40-E55A-4F9D-9847-99F3C8073EA3}.Release|x64.Build.0 = Release|Any CPU
		{2C384E40-E55A-4F9D-9847-99F3C8073EA3}.Release|x86.ActiveCfg = Release|Any CPU
		{2C384E40-E55A-4F9D-9847-99F3C8073EA3}.Release|x86.Build.0 = Release|Any CPU
	EndGlobalSection
	GlobalSection(SolutionProperties) = preSolution
		HideSolutionNode = FALSE
	EndGlobalSection
	GlobalSection(NestedProjects) = preSolution
	EndGlobalSection
	GlobalSection(ExtensibilityGlobals) = postSolution
		SolutionGuid = {2879006A-6E46-448C-A140-2A74B402AAA4}
	EndGlobalSection
EndGlobal
